// !$*UTF8*$!
{
	archiveVersion = 1;
	classes = {
	};
	objectVersion = 46;
	objects = {

/* Begin PBXBuildFile section */
		151050B6174392EA006CABA1 /* logo.png in Resources */ = {isa = PBXBuildFile; fileRef = 151050B5174392EA006CABA1 /* logo.png */; };
		151050B917439330006CABA1 /* logo.icns in Resources */ = {isa = PBXBuildFile; fileRef = 151050B817439330006CABA1 /* logo.icns */; };
		153BE893174280170097852D /* Cocoa.framework in Frameworks */ = {isa = PBXBuildFile; fileRef = 153BE892174280170097852D /* Cocoa.framework */; };
		153BE89D174280170097852D /* InfoPlist.strings in Resources */ = {isa = PBXBuildFile; fileRef = 153BE89B174280170097852D /* InfoPlist.strings */; };
		153BE89F174280170097852D /* main.m in Sources */ = {isa = PBXBuildFile; fileRef = 153BE89E174280170097852D /* main.m */; };
		153BE8A3174280170097852D /* Credits.rtf in Resources */ = {isa = PBXBuildFile; fileRef = 153BE8A1174280170097852D /* Credits.rtf */; };
		153BE8A6174280170097852D /* CDFAppDelegate.m in Sources */ = {isa = PBXBuildFile; fileRef = 153BE8A5174280170097852D /* CDFAppDelegate.m */; };
		153BE8A9174280170097852D /* MainMenu.xib in Resources */ = {isa = PBXBuildFile; fileRef = 153BE8A7174280170097852D /* MainMenu.xib */; };
		153BE8B1174280BE0097852D /* CDFMainWindow.m in Sources */ = {isa = PBXBuildFile; fileRef = 153BE8B0174280BE0097852D /* CDFMainWindow.m */; };
		153BE8B4174284350097852D /* CDFMainView.m in Sources */ = {isa = PBXBuildFile; fileRef = 153BE8B3174284350097852D /* CDFMainView.m */; };
		153BE8BD174321F90097852D /* ACEView.framework in Frameworks */ = {isa = PBXBuildFile; fileRef = 153BE8BC174321F90097852D /* ACEView.framework */; };
		15969B451743235E0096EA60 /* ACEView.framework in CopyFiles */ = {isa = PBXBuildFile; fileRef = 153BE8BC174321F90097852D /* ACEView.framework */; };
		15969B8117433C710096EA60 /* build.png in Resources */ = {isa = PBXBuildFile; fileRef = 15969B8017433C710096EA60 /* build.png */; };
		15969B83174340BB0096EA60 /* stop.png in Resources */ = {isa = PBXBuildFile; fileRef = 15969B82174340BB0096EA60 /* stop.png */; };
		15969B871743415F0096EA60 /* create.png in Resources */ = {isa = PBXBuildFile; fileRef = 15969B841743415F0096EA60 /* create.png */; };
		15969B881743415F0096EA60 /* open.png in Resources */ = {isa = PBXBuildFile; fileRef = 15969B851743415F0096EA60 /* open.png */; };
		15969B891743415F0096EA60 /* save.png in Resources */ = {isa = PBXBuildFile; fileRef = 15969B861743415F0096EA60 /* save.png */; };
		15969B8B174350C70096EA60 /* close.png in Resources */ = {isa = PBXBuildFile; fileRef = 15969B8A174350C70096EA60 /* close.png */; };
		15969B8E174350FA0096EA60 /* CDFMainController.m in Sources */ = {isa = PBXBuildFile; fileRef = 15969B8D174350FA0096EA60 /* CDFMainController.m */; };
		15969B90174357D80096EA60 /* miniaturize.png in Resources */ = {isa = PBXBuildFile; fileRef = 15969B8F174357D80096EA60 /* miniaturize.png */; };
		15969B9717436DFA0096EA60 /* CDFCompiler.m in Sources */ = {isa = PBXBuildFile; fileRef = 15969B9617436DFA0096EA60 /* CDFCompiler.m */; };
		15969B9A17436E370096EA60 /* CDFLocalCompiler.m in Sources */ = {isa = PBXBuildFile; fileRef = 15969B9917436E370096EA60 /* CDFLocalCompiler.m */; };
		15969B9E174387630096EA60 /* next.png in Resources */ = {isa = PBXBuildFile; fileRef = 15969B9D174387630096EA60 /* next.png */; };
		15969BA0174388290096EA60 /* prev.png in Resources */ = {isa = PBXBuildFile; fileRef = 15969B9F174388280096EA60 /* prev.png */; };
/* End PBXBuildFile section */

/* Begin PBXCopyFilesBuildPhase section */
		15969B43174323060096EA60 /* CopyFiles */ = {
			isa = PBXCopyFilesBuildPhase;
			buildActionMask = 2147483647;
			dstPath = "";
			dstSubfolderSpec = 10;
			files = (
				15969B451743235E0096EA60 /* ACEView.framework in CopyFiles */,
			);
			runOnlyForDeploymentPostprocessing = 0;
		};
/* End PBXCopyFilesBuildPhase section */

/* Begin PBXFileReference section */
		151050B5174392EA006CABA1 /* logo.png */ = {isa = PBXFileReference; lastKnownFileType = image.png; name = logo.png; path = ../logo.png; sourceTree = "<group>"; };
		151050B817439330006CABA1 /* logo.icns */ = {isa = PBXFileReference; lastKnownFileType = image.icns; name = logo.icns; path = ../logo.icns; sourceTree = "<group>"; };
		153BE88E174280170097852D /* Codyfine.app */ = {isa = PBXFileReference; explicitFileType = wrapper.application; includeInIndex = 0; path = Codyfine.app; sourceTree = BUILT_PRODUCTS_DIR; };
		153BE892174280170097852D /* Cocoa.framework */ = {isa = PBXFileReference; lastKnownFileType = wrapper.framework; name = Cocoa.framework; path = System/Library/Frameworks/Cocoa.framework; sourceTree = SDKROOT; };
		153BE895174280170097852D /* AppKit.framework */ = {isa = PBXFileReference; lastKnownFileType = wrapper.framework; name = AppKit.framework; path = System/Library/Frameworks/AppKit.framework; sourceTree = SDKROOT; };
		153BE896174280170097852D /* CoreData.framework */ = {isa = PBXFileReference; lastKnownFileType = wrapper.framework; name = CoreData.framework; path = System/Library/Frameworks/CoreData.framework; sourceTree = SDKROOT; };
		153BE897174280170097852D /* Foundation.framework */ = {isa = PBXFileReference; lastKnownFileType = wrapper.framework; name = Foundation.framework; path = System/Library/Frameworks/Foundation.framework; sourceTree = SDKROOT; };
		153BE89A174280170097852D /* Codyfine-Info.plist */ = {isa = PBXFileReference; lastKnownFileType = text.plist.xml; path = "Codyfine-Info.plist"; sourceTree = "<group>"; };
		153BE89C174280170097852D /* en */ = {isa = PBXFileReference; lastKnownFileType = text.plist.strings; name = en; path = en.lproj/InfoPlist.strings; sourceTree = "<group>"; };
		153BE89E174280170097852D /* main.m */ = {isa = PBXFileReference; lastKnownFileType = sourcecode.c.objc; path = main.m; sourceTree = "<group>"; };
		153BE8A0174280170097852D /* Codyfine-Prefix.pch */ = {isa = PBXFileReference; lastKnownFileType = sourcecode.c.h; path = "Codyfine-Prefix.pch"; sourceTree = "<group>"; };
		153BE8A2174280170097852D /* en */ = {isa = PBXFileReference; lastKnownFileType = text.rtf; name = en; path = en.lproj/Credits.rtf; sourceTree = "<group>"; };
		153BE8A4174280170097852D /* CDFAppDelegate.h */ = {isa = PBXFileReference; lastKnownFileType = sourcecode.c.h; path = CDFAppDelegate.h; sourceTree = "<group>"; };
		153BE8A5174280170097852D /* CDFAppDelegate.m */ = {isa = PBXFileReference; lastKnownFileType = sourcecode.c.objc; path = CDFAppDelegate.m; sourceTree = "<group>"; };
		153BE8A8174280170097852D /* en */ = {isa = PBXFileReference; lastKnownFileType = file.xib; name = en; path = en.lproj/MainMenu.xib; sourceTree = "<group>"; };
		153BE8AF174280BE0097852D /* CDFMainWindow.h */ = {isa = PBXFileReference; fileEncoding = 4; lastKnownFileType = sourcecode.c.h; path = CDFMainWindow.h; sourceTree = "<group>"; };
		153BE8B0174280BE0097852D /* CDFMainWindow.m */ = {isa = PBXFileReference; fileEncoding = 4; lastKnownFileType = sourcecode.c.objc; path = CDFMainWindow.m; sourceTree = "<group>"; };
		153BE8B2174284350097852D /* CDFMainView.h */ = {isa = PBXFileReference; fileEncoding = 4; lastKnownFileType = sourcecode.c.h; path = CDFMainView.h; sourceTree = "<group>"; };
		153BE8B3174284350097852D /* CDFMainView.m */ = {isa = PBXFileReference; fileEncoding = 4; lastKnownFileType = sourcecode.c.objc; path = CDFMainView.m; sourceTree = "<group>"; };
		153BE8BC174321F90097852D /* ACEView.framework */ = {isa = PBXFileReference; lastKnownFileType = wrapper.framework; path = ACEView.framework; sourceTree = "<group>"; };
		15969B8017433C710096EA60 /* build.png */ = {isa = PBXFileReference; lastKnownFileType = image.png; path = build.png; sourceTree = "<group>"; };
		15969B82174340BB0096EA60 /* stop.png */ = {isa = PBXFileReference; lastKnownFileType = image.png; path = stop.png; sourceTree = "<group>"; };
		15969B841743415F0096EA60 /* create.png */ = {isa = PBXFileReference; lastKnownFileType = image.png; path = create.png; sourceTree = "<group>"; };
		15969B851743415F0096EA60 /* open.png */ = {isa = PBXFileReference; lastKnownFileType = image.png; path = open.png; sourceTree = "<group>"; };
		15969B861743415F0096EA60 /* save.png */ = {isa = PBXFileReference; lastKnownFileType = image.png; path = save.png; sourceTree = "<group>"; };
		15969B8A174350C70096EA60 /* close.png */ = {isa = PBXFileReference; lastKnownFileType = image.png; path = close.png; sourceTree = "<group>"; };
		15969B8C174350FA0096EA60 /* CDFMainController.h */ = {isa = PBXFileReference; fileEncoding = 4; lastKnownFileType = sourcecode.c.h; path = CDFMainController.h; sourceTree = "<group>"; };
		15969B8D174350FA0096EA60 /* CDFMainController.m */ = {isa = PBXFileReference; fileEncoding = 4; lastKnownFileType = sourcecode.c.objc; path = CDFMainController.m; sourceTree = "<group>"; };
		15969B8F174357D80096EA60 /* miniaturize.png */ = {isa = PBXFileReference; lastKnownFileType = image.png; path = miniaturize.png; sourceTree = "<group>"; };
		15969B9517436DFA0096EA60 /* CDFCompiler.h */ = {isa = PBXFileReference; fileEncoding = 4; lastKnownFileType = sourcecode.c.h; path = CDFCompiler.h; sourceTree = "<group>"; };
		15969B9617436DFA0096EA60 /* CDFCompiler.m */ = {isa = PBXFileReference; fileEncoding = 4; lastKnownFileType = sourcecode.c.objc; path = CDFCompiler.m; sourceTree = "<group>"; };
		15969B9817436E370096EA60 /* CDFLocalCompiler.h */ = {isa = PBXFileReference; fileEncoding = 4; lastKnownFileType = sourcecode.c.h; path = CDFLocalCompiler.h; sourceTree = "<group>"; };
		15969B9917436E370096EA60 /* CDFLocalCompiler.m */ = {isa = PBXFileReference; fileEncoding = 4; lastKnownFileType = sourcecode.c.objc; path = CDFLocalCompiler.m; sourceTree = "<group>"; };
		15969B9D174387630096EA60 /* next.png */ = {isa = PBXFileReference; lastKnownFileType = image.png; path = next.png; sourceTree = "<group>"; };
		15969B9F174388280096EA60 /* prev.png */ = {isa = PBXFileReference; lastKnownFileType = image.png; path = prev.png; sourceTree = "<group>"; };
/* End PBXFileReference section */

/* Begin PBXFrameworksBuildPhase section */
		153BE88B174280170097852D /* Frameworks */ = {
			isa = PBXFrameworksBuildPhase;
			buildActionMask = 2147483647;
			files = (
				153BE893174280170097852D /* Cocoa.framework in Frameworks */,
				153BE8BD174321F90097852D /* ACEView.framework in Frameworks */,
			);
			runOnlyForDeploymentPostprocessing = 0;
		};
/* End PBXFrameworksBuildPhase section */

/* Begin PBXGroup section */
		153BE883174280170097852D = {
			isa = PBXGroup;
			children = (
				153BE898174280170097852D /* Codyfine */,
				153BE891174280170097852D /* Frameworks */,
				153BE88F174280170097852D /* Products */,
			);
			sourceTree = "<group>";
		};
		153BE88F174280170097852D /* Products */ = {
			isa = PBXGroup;
			children = (
				153BE88E174280170097852D /* Codyfine.app */,
			);
			name = Products;
			sourceTree = "<group>";
		};
		153BE891174280170097852D /* Frameworks */ = {
			isa = PBXGroup;
			children = (
				153BE8BC174321F90097852D /* ACEView.framework */,
				153BE892174280170097852D /* Cocoa.framework */,
				153BE894174280170097852D /* Other Frameworks */,
			);
			name = Frameworks;
			sourceTree = "<group>";
		};
		153BE894174280170097852D /* Other Frameworks */ = {
			isa = PBXGroup;
			children = (
				153BE895174280170097852D /* AppKit.framework */,
				153BE896174280170097852D /* CoreData.framework */,
				153BE897174280170097852D /* Foundation.framework */,
			);
			name = "Other Frameworks";
			sourceTree = "<group>";
		};
		153BE898174280170097852D /* Codyfine */ = {
			isa = PBXGroup;
			children = (
				15969B9517436DFA0096EA60 /* CDFCompiler.h */,
				15969B9617436DFA0096EA60 /* CDFCompiler.m */,
				15969B7E17433C670096EA60 /* Images */,
				15969B8C174350FA0096EA60 /* CDFMainController.h */,
				15969B8D174350FA0096EA60 /* CDFMainController.m */,
				153BE8B2174284350097852D /* CDFMainView.h */,
				153BE8B3174284350097852D /* CDFMainView.m */,
				153BE8A4174280170097852D /* CDFAppDelegate.h */,
				153BE8A5174280170097852D /* CDFAppDelegate.m */,
				153BE8A7174280170097852D /* MainMenu.xib */,
				153BE899174280170097852D /* Supporting Files */,
				153BE8AF174280BE0097852D /* CDFMainWindow.h */,
				153BE8B0174280BE0097852D /* CDFMainWindow.m */,
				15969B9817436E370096EA60 /* CDFLocalCompiler.h */,
				15969B9917436E370096EA60 /* CDFLocalCompiler.m */,
			);
			path = Codyfine;
			sourceTree = "<group>";
		};
		153BE899174280170097852D /* Supporting Files */ = {
			isa = PBXGroup;
			children = (
				153BE89A174280170097852D /* Codyfine-Info.plist */,
				153BE89B174280170097852D /* InfoPlist.strings */,
				153BE89E174280170097852D /* main.m */,
				153BE8A0174280170097852D /* Codyfine-Prefix.pch */,
				153BE8A1174280170097852D /* Credits.rtf */,
			);
			name = "Supporting Files";
			sourceTree = "<group>";
		};
		15969B7E17433C670096EA60 /* Images */ = {
			isa = PBXGroup;
			children = (
				151050B817439330006CABA1 /* logo.icns */,
				151050B5174392EA006CABA1 /* logo.png */,
				15969B9F174388280096EA60 /* prev.png */,
				15969B9D174387630096EA60 /* next.png */,
				15969B8F174357D80096EA60 /* miniaturize.png */,
				15969B8A174350C70096EA60 /* close.png */,
				15969B841743415F0096EA60 /* create.png */,
				15969B851743415F0096EA60 /* open.png */,
				15969B861743415F0096EA60 /* save.png */,
				15969B82174340BB0096EA60 /* stop.png */,
				15969B8017433C710096EA60 /* build.png */,
			);
			name = Images;
			sourceTree = "<group>";
		};
/* End PBXGroup section */

/* Begin PBXNativeTarget section */
		153BE88D174280170097852D /* Codyfine */ = {
			isa = PBXNativeTarget;
			buildConfigurationList = 153BE8AC174280170097852D /* Build configuration list for PBXNativeTarget "Codyfine" */;
			buildPhases = (
				153BE88A174280170097852D /* Sources */,
				153BE88B174280170097852D /* Frameworks */,
				153BE88C174280170097852D /* Resources */,
				15969B43174323060096EA60 /* CopyFiles */,
			);
			buildRules = (
			);
			dependencies = (
			);
			name = Codyfine;
			productName = Codyfine;
			productReference = 153BE88E174280170097852D /* Codyfine.app */;
			productType = "com.apple.product-type.application";
		};
/* End PBXNativeTarget section */

/* Begin PBXProject section */
		153BE885174280170097852D /* Project object */ = {
			isa = PBXProject;
			attributes = {
				CLASSPREFIX = CDF;
				LastUpgradeCheck = 0450;
				ORGANIZATIONNAME = "Jiahao Li";
			};
			buildConfigurationList = 153BE888174280170097852D /* Build configuration list for PBXProject "Codyfine" */;
			compatibilityVersion = "Xcode 3.2";
			developmentRegion = English;
			hasScannedForEncodings = 0;
			knownRegions = (
				en,
			);
			mainGroup = 153BE883174280170097852D;
			productRefGroup = 153BE88F174280170097852D /* Products */;
			projectDirPath = "";
			projectRoot = "";
			targets = (
				153BE88D174280170097852D /* Codyfine */,
			);
		};
/* End PBXProject section */

/* Begin PBXResourcesBuildPhase section */
		153BE88C174280170097852D /* Resources */ = {
			isa = PBXResourcesBuildPhase;
			buildActionMask = 2147483647;
			files = (
				153BE89D174280170097852D /* InfoPlist.strings in Resources */,
				153BE8A3174280170097852D /* Credits.rtf in Resources */,
				153BE8A9174280170097852D /* MainMenu.xib in Resources */,
				15969B8117433C710096EA60 /* build.png in Resources */,
				15969B83174340BB0096EA60 /* stop.png in Resources */,
				15969B871743415F0096EA60 /* create.png in Resources */,
				15969B881743415F0096EA60 /* open.png in Resources */,
				15969B891743415F0096EA60 /* save.png in Resources */,
				15969B8B174350C70096EA60 /* close.png in Resources */,
				15969B90174357D80096EA60 /* miniaturize.png in Resources */,
				15969B9E174387630096EA60 /* next.png in Resources */,
				15969BA0174388290096EA60 /* prev.png in Resources */,
				151050B6174392EA006CABA1 /* logo.png in Resources */,
				151050B917439330006CABA1 /* logo.icns in Resources */,
			);
			runOnlyForDeploymentPostprocessing = 0;
		};
/* End PBXResourcesBuildPhase section */

/* Begin PBXSourcesBuildPhase section */
		153BE88A174280170097852D /* Sources */ = {
			isa = PBXSourcesBuildPhase;
			buildActionMask = 2147483647;
			files = (
				153BE89F174280170097852D /* main.m in Sources */,
				153BE8A6174280170097852D /* CDFAppDelegate.m in Sources */,
				153BE8B1174280BE0097852D /* CDFMainWindow.m in Sources */,
				153BE8B4174284350097852D /* CDFMainView.m in Sources */,
				15969B8E174350FA0096EA60 /* CDFMainController.m in Sources */,
				15969B9717436DFA0096EA60 /* CDFCompiler.m in Sources */,
				15969B9A17436E370096EA60 /* CDFLocalCompiler.m in Sources */,
			);
			runOnlyForDeploymentPostprocessing = 0;
		};
/* End PBXSourcesBuildPhase section */

/* Begin PBXVariantGroup section */
		153BE89B174280170097852D /* InfoPlist.strings */ = {
			isa = PBXVariantGroup;
			children = (
				153BE89C174280170097852D /* en */,
			);
			name = InfoPlist.strings;
			sourceTree = "<group>";
		};
		153BE8A1174280170097852D /* Credits.rtf */ = {
			isa = PBXVariantGroup;
			children = (
				153BE8A2174280170097852D /* en */,
			);
			name = Credits.rtf;
			sourceTree = "<group>";
		};
		153BE8A7174280170097852D /* MainMenu.xib */ = {
			isa = PBXVariantGroup;
			children = (
				153BE8A8174280170097852D /* en */,
			);
			name = MainMenu.xib;
			sourceTree = "<group>";
		};
/* End PBXVariantGroup section */

/* Begin XCBuildConfiguration section */
		153BE8AA174280170097852D /* Debug */ = {
			isa = XCBuildConfiguration;
			buildSettings = {
				ALWAYS_SEARCH_USER_PATHS = NO;
				ARCHS = "$(ARCHS_STANDARD_64_BIT)";
				CLANG_CXX_LANGUAGE_STANDARD = "gnu++0x";
				CLANG_CXX_LIBRARY = "libc++";
				CLANG_ENABLE_OBJC_ARC = YES;
				CLANG_WARN_EMPTY_BODY = YES;
				CLANG_WARN__DUPLICATE_METHOD_MATCH = YES;
				COPY_PHASE_STRIP = NO;
				GCC_C_LANGUAGE_STANDARD = gnu99;
				GCC_DYNAMIC_NO_PIC = NO;
				GCC_ENABLE_OBJC_EXCEPTIONS = YES;
				GCC_OPTIMIZATION_LEVEL = 0;
				GCC_PREPROCESSOR_DEFINITIONS = (
					"DEBUG=1",
					"$(inherited)",
				);
				GCC_SYMBOLS_PRIVATE_EXTERN = NO;
				GCC_WARN_64_TO_32_BIT_CONVERSION = YES;
				GCC_WARN_ABOUT_RETURN_TYPE = YES;
				GCC_WARN_UNINITIALIZED_AUTOS = YES;
				GCC_WARN_UNUSED_VARIABLE = YES;
				MACOSX_DEPLOYMENT_TARGET = 10.8;
				ONLY_ACTIVE_ARCH = YES;
				SDKROOT = macosx;
			};
			name = Debug;
		};
		153BE8AB174280170097852D /* Release */ = {
			isa = XCBuildConfiguration;
			buildSettings = {
				ALWAYS_SEARCH_USER_PATHS = NO;
				ARCHS = "$(ARCHS_STANDARD_64_BIT)";
				CLANG_CXX_LANGUAGE_STANDARD = "gnu++0x";
				CLANG_CXX_LIBRARY = "libc++";
				CLANG_ENABLE_OBJC_ARC = YES;
				CLANG_WARN_EMPTY_BODY = YES;
				CLANG_WARN__DUPLICATE_METHOD_MATCH = YES;
				COPY_PHASE_STRIP = YES;
				DEBUG_INFORMATION_FORMAT = "dwarf-with-dsym";
				GCC_C_LANGUAGE_STANDARD = gnu99;
				GCC_ENABLE_OBJC_EXCEPTIONS = YES;
				GCC_WARN_64_TO_32_BIT_CONVERSION = YES;
				GCC_WARN_ABOUT_RETURN_TYPE = YES;
				GCC_WARN_UNINITIALIZED_AUTOS = YES;
				GCC_WARN_UNUSED_VARIABLE = YES;
				MACOSX_DEPLOYMENT_TARGET = 10.8;
				SDKROOT = macosx;
			};
			name = Release;
		};
		153BE8AD174280170097852D /* Debug */ = {
			isa = XCBuildConfiguration;
			buildSettings = {
				COMBINE_HIDPI_IMAGES = YES;
				FRAMEWORK_SEARCH_PATHS = (
					"$(inherited)",
					"\"$(SRCROOT)/../../Git/ACEView/Build/Products/Release\"",
					"\"$(SRCROOT)\"",
				);
				GCC_PRECOMPILE_PREFIX_HEADER = YES;
				GCC_PREFIX_HEADER = "Codyfine/Codyfine-Prefix.pch";
				INFOPLIST_FILE = "Codyfine/Codyfine-Info.plist";
				PRODUCT_NAME = "$(TARGET_NAME)";
				WRAPPER_EXTENSION = app;
			};
			name = Debug;
		};
		153BE8AE174280170097852D /* Release */ = {
			isa = XCBuildConfiguration;
			buildSettings = {
				COMBINE_HIDPI_IMAGES = YES;
				FRAMEWORK_SEARCH_PATHS = (
					"$(inherited)",
					"\"$(SRCROOT)/../../Git/ACEView/Build/Products/Release\"",
					"\"$(SRCROOT)\"",
				);
				GCC_PRECOMPILE_PREFIX_HEADER = YES;
				GCC_PREFIX_HEADER = "Codyfine/Codyfine-Prefix.pch";
				INFOPLIST_FILE = "Codyfine/Codyfine-Info.plist";
				PRODUCT_NAME = "$(TARGET_NAME)";
				WRAPPER_EXTENSION = app;
			};
			name = Release;
		};
/* End XCBuildConfiguration section */

/* Begin XCConfigurationList section */
		153BE888174280170097852D /* Build configuration list for PBXProject "Codyfine" */ = {
			isa = XCConfigurationList;
			buildConfigurations = (
				153BE8AA174280170097852D /* Debug */,
				153BE8AB174280170097852D /* Release */,
			);
			defaultConfigurationIsVisible = 0;
			defaultConfigurationName = Release;
		};
		153BE8AC174280170097852D /* Build configuration list for PBXNativeTarget "Codyfine" */ = {
			isa = XCConfigurationList;
			buildConfigurations = (
				153BE8AD174280170097852D /* Debug */,
				153BE8AE174280170097852D /* Release */,
			);
			defaultConfigurationIsVisible = 0;
			defaultConfigurationName = Release;
		};
/* End XCConfigurationList section */
	};
	rootObject = 153BE885174280170097852D /* Project object */;
}
